{
  "originHash" : "5d1648195653d0e057fc9c08f01199bfa6472d9e2b9f23f19baeddb7ff952654",
  "pins" : [
    {
      "identity" : "grdb.swift",
      "kind" : "remoteSourceControl",
      "location" : "https://github.com/groue/GRDB.swift",
      "state" : {
        "revision" : "36e30a6f1ef10e4194f6af0cff90888526f0c115",
        "version" : "7.10.0"
      }
    },
    {
      "identity" : "swiftsoup",
      "kind" : "remoteSourceControl",
      "location" : "https://github.com/scinfu/SwiftSoup",
      "state" : {
        "revision" : "6c7915e16f729857aec3e99068c361e58a00ed68",
        "version" : "2.13.4"
      }
    },
    {
      "identity" : "zipfoundation",
      "kind" : "remoteSourceControl",
      "location" : "https://github.com/weichsel/ZIPFoundation",
      "state" : {
        "revision" : "22787ffb59de99e5dc1fbfe80b19c97a904ad48d",
        "version" : "0.9.20"
      }
    }
  ],
  "version" : 3
}
